hash: b720364971b085392d689070bc0f7b8091f2c67ef09edce012aae8258d160f76
updated: 2017-07-10T17:16:40.064731553+08:00
imports:
- name: github.com/streadway/amqp
  version: 2cbfe40c9341ad63ba23e53013b3ddc7989d801c
- name: github.com/tealeg/xlsx
  version: cbd41c13621a761938cfef0a3d365a75968d54d9
testImports: []
